DEPENDENCIES
  apt
  base
    path: cookbooks/base
  build-essential (~> 2.2.3)
  composer (~> 2.1.0)
  elasticsearch (~> 0.3.13)
  git (~> 4.2.2)
  java (~> 1.31.0)
  mysql (~> 5.0)
  nginx (~> 2.7.6)
  nodejs (~> 2.4)
  php (~> 1.5.0)
  php5-fpm (= 0.2.2)

GRAPH
  7-zip (1.0.2)
    windows (>= 1.2.2)
  apt (2.7.0)
  ark (0.9.0)
    7-zip (>= 0.0.0)
    windows (>= 0.0.0)
  base (1.1.0)
    mysql (~> 5.0)
    nginx (>= 0.0.0)
  bluepill (2.3.1)
    rsyslog (>= 0.0.0)
  build-essential (2.2.3)
  chef-sugar (3.1.1)
  chef_handler (1.2.0)
  composer (2.1.0)
    php (>= 0.0.0)
    windows (>= 0.0.0)
  dmg (2.2.2)
  elasticsearch (0.3.13)
    ark (>= 0.2.4)
    build-essential (>= 0.0.0)
    java (>= 0.0.0)
    monit (>= 0.0.0)
    xml (>= 0.0.0)
  git (4.2.2)
    build-essential (>= 0.0.0)
    dmg (>= 0.0.0)
    windows (>= 0.0.0)
    yum-epel (>= 0.0.0)
  homebrew (1.13.0)
    build-essential (>= 2.1.2)
  iis (4.1.1)
    windows (>= 1.34.6)
  java (1.31.0)
  monit (0.7.5)
  mysql (5.6.3)
    yum-mysql-community (>= 0.0.0)
  nginx (2.7.6)
    apt (~> 2.2)
    bluepill (~> 2.3)
    build-essential (~> 2.0)
    ohai (~> 2.0)
    runit (~> 1.2)
    yum-epel (~> 0.3)
  nodejs (2.4.0)
    apt (>= 0.0.0)
    ark (>= 0.0.0)
    build-essential (>= 0.0.0)
    homebrew (>= 0.0.0)
    yum-epel (>= 0.0.0)
  ohai (2.0.1)
  packagecloud (0.0.19)
  php (1.5.0)
    build-essential (>= 0.0.0)
    iis (>= 0.0.0)
    mysql (>= 0.0.0)
    windows (>= 0.0.0)
    xml (>= 0.0.0)
    yum-epel (>= 0.0.0)
  php5-fpm (0.2.2)
  rsyslog (2.0.0)
  runit (1.7.2)
    packagecloud (>= 0.0.0)
  windows (1.37.0)
    chef_handler (>= 0.0.0)
  xml (1.2.13)
    build-essential (>= 0.0.0)
    chef-sugar (>= 0.0.0)
  yum (3.6.1)
  yum-epel (0.6.2)
    yum (~> 3.2)
  yum-mysql-community (0.1.17)
    yum (>= 3.0)
